{
  "name": "wu-template",
  "version": "0.0.0",
  "lockfileVersion": 3,
  "requires": true,
  "packages": {
    "": {
      "name": "wu-template",
      "version": "0.0.0",
      "license": "MIT",
      "dependencies": {
        "@thewu/browser": "^0.0.7",
        "@thewu/config": "^0.0.7",
        "@thewu/core": "^0.0.7",
        "@thewu/jsx": "^0.0.7"
      },
      "devDependencies": {
        "typescript": "^5.3.3"
      }
    },
    "node_modules/@thewu/browser": {
      "version": "0.0.7",
      "resolved": "https://registry.npmjs.org/@thewu/browser/-/browser-0.0.7.tgz",
      "integrity": "sha512-lZ8KO/aAb7AwCqFEKtGNaRSKky25+hxwoI+kYvywK2G7isDBNRsaMOkdctwAbRRg7e6XiH3i/SzVd8DqGYEc+g==",
      "dependencies": {
        "@thewu/core": "0.0.7",
        "reflect-metadata": "^0.2.2"
      }
    },
    "node_modules/@thewu/config": {
      "version": "0.0.7",
      "resolved": "https://registry.npmjs.org/@thewu/config/-/config-0.0.7.tgz",
      "integrity": "sha512-TKkmkmK6oYhCzprykhE814ZjLdbdsGs7iqbv8RUwBJEaEwLFsjidLqzQmpA2iIWQhBJjHoKW/033ndQJO/yw0w=="
    },
    "node_modules/@thewu/core": {
      "version": "0.0.7",
      "resolved": "https://registry.npmjs.org/@thewu/core/-/core-0.0.7.tgz",
      "integrity": "sha512-xITavDrGg41wSLvHcVDMK97TUcSdlWOjUV/KpcQIWVqUyAfo0Bi63NmnLs5huw/AbloI1cRSBusXqNrQCo56Zw==",
      "dependencies": {
        "reflect-metadata": "^0.2.2"
      }
    },
    "node_modules/@thewu/jsx": {
      "version": "0.0.7",
      "resolved": "https://registry.npmjs.org/@thewu/jsx/-/jsx-0.0.7.tgz",
      "integrity": "sha512-X+666obVBZFDZa3LNCpNejC/kioekTgJwACqtF63vNRrg6AhF2+3k7mKiGRZQu4p/rS0i0l6aDTMnfvfobOEXg==",
      "dependencies": {
        "@thewu/core": "0.0.7"
      }
    },
    "node_modules/reflect-metadata": {
      "version": "0.2.2",
      "resolved": "https://registry.npmjs.org/reflect-metadata/-/reflect-metadata-0.2.2.tgz",
      "integrity": "sha512-urBwgfrvVP/eAyXx4hluJivBKzuEbSQs9rKWCrCkbSxNv8mxPcUZKeuoF3Uy4mJl3Lwprp6yy5/39VWigZ4K6Q=="
    },
    "node_modules/typescript": {
      "version": "5.5.4",
      "resolved": "https://registry.npmjs.org/typescript/-/typescript-5.5.4.tgz",
      "integrity": "sha512-Mtq29sKDAEYP7aljRgtPOpTvOfbwRWlS6dPRzwjdE+C0R4brX/GUyhHSecbHMFLNBLcJIPt9nl9yG5TZ1weH+Q==",
      "dev": true,
      "bin": {
        "tsc": "bin/tsc",
        "tsserver": "bin/tsserver"
      },
      "engines": {
        "node": ">=14.17"
      }
    }
  }
}
